
Microsoft Visual Studio Solution File, Format Version 12.00
# Visual Studio Version 17
VisualStudioVersion = 17.0.31919.166
MinimumVisualStudioVersion = 10.0.40219.1
Project("{FAE04EC0-301F-11D3-BF4B-00C04F79EFBC}") = "CustomerManagement", "CustomerManagement\CustomerManagement.csproj", "{C9511913-F3AF-4DBB-8546-F83F737CF77E}"
EndProject
Project("{FAE04EC0-301F-11D3-BF4B-00C04F79EFBC}") = "CustomerManagement.Tests", "CustomerManagement.Tests\CustomerManagement.Tests.csproj", "{E025182C-54E6-49C3-A62A-B08C6F00EF63}"
EndProject
Global
	GlobalSection(SolutionConfigurationPlatforms) = preSolution
		Debug|Any CPU = Debug|Any CPU
		Release|Any CPU = Release|Any CPU
	EndGlobalSection
	GlobalSection(ProjectConfigurationPlatforms) = postSolution
		{C9511913-F3AF-4DBB-8546-F83F737CF77E}.Debug|Any CPU.ActiveCfg = Debug|Any CPU
		{C9511913-F3AF-4DBB-8546-F83F737CF77E}.Debug|Any CPU.Build.0 = Debug|Any CPU
		{C9511913-F3AF-4DBB-8546-F83F737CF77E}.Release|Any CPU.ActiveCfg = Release|Any CPU
		{C9511913-F3AF-4DBB-8546-F83F737CF77E}.Release|Any CPU.Build.0 = Release|Any CPU
		{E025182C-54E6-49C3-A62A-B08C6F00EF63}.Debug|Any CPU.ActiveCfg = Debug|Any CPU
		{E025182C-54E6-49C3-A62A-B08C6F00EF63}.Debug|Any CPU.Build.0 = Debug|Any CPU
		{E025182C-54E6-49C3-A62A-B08C6F00EF63}.Release|Any CPU.ActiveCfg = Release|Any CPU
		{E025182C-54E6-49C3-A62A-B08C6F00EF63}.Release|Any CPU.Build.0 = Release|Any CPU
	EndGlobalSection
	GlobalSection(SolutionProperties) = preSolution
		HideSolutionNode = FALSE
	EndGlobalSection
	GlobalSection(ExtensibilityGlobals) = postSolution
		SolutionGuid = {819720F7-63C9-4151-A4EC-01399A5236E8}
	EndGlobalSection
EndGlobal
