
Microsoft Visual Studio Solution File, Format Version 12.00
# Visual Studio Version 17
VisualStudioVersion = 17.0.31919.166
MinimumVisualStudioVersion = 10.0.40219.1
Project("{FAE04EC0-301F-11D3-BF4B-00C04F79EFBC}") = "01_Repetition", "01_Repetition\01_Repetition.csproj", "{DBED1904-9AE3-4712-A940-3842526CEDEF}"
EndProject
Project("{FAE04EC0-301F-11D3-BF4B-00C04F79EFBC}") = "02_WokerService", "02_WokerService\02_WokerService.csproj", "{5B77463F-6244-41D2-A7EF-0006A81C2BAA}"
EndProject
Project("{FAE04EC0-301F-11D3-BF4B-00C04F79EFBC}") = "03_TDD", "03_TDD\03_TDD.csproj", "{EE7204FB-A916-4188-9BB5-748D01412DB5}"
EndProject
Project("{FAE04EC0-301F-11D3-BF4B-00C04F79EFBC}") = "03_TDD.xUnitTests", "03_TDD.xUnitTests\03_TDD.xUnitTests.csproj", "{312EC129-3378-44F3-87F2-0C544BCA2071}"
EndProject
Project("{FAE04EC0-301F-11D3-BF4B-00C04F79EFBC}") = "03_TDD.SharedLibrary", "03_TDD.SharedLibrary\03_TDD.SharedLibrary.csproj", "{D7BB00A5-0956-404D-A816-CBAF76BA5A55}"
EndProject
Global
	GlobalSection(SolutionConfigurationPlatforms) = preSolution
		Debug|Any CPU = Debug|Any CPU
		Debug|ARM = Debug|ARM
		Debug|ARM64 = Debug|ARM64
		Debug|x64 = Debug|x64
		Debug|x86 = Debug|x86
		Release|Any CPU = Release|Any CPU
		Release|ARM = Release|ARM
		Release|ARM64 = Release|ARM64
		Release|x64 = Release|x64
		Release|x86 = Release|x86
	EndGlobalSection
	GlobalSection(ProjectConfigurationPlatforms) = postSolution
		{DBED1904-9AE3-4712-A940-3842526CEDEF}.Debug|Any CPU.ActiveCfg = Debug|x64
		{DBED1904-9AE3-4712-A940-3842526CEDEF}.Debug|Any CPU.Build.0 = Debug|x64
		{DBED1904-9AE3-4712-A940-3842526CEDEF}.Debug|Any CPU.Deploy.0 = Debug|x64
		{DBED1904-9AE3-4712-A940-3842526CEDEF}.Debug|ARM.ActiveCfg = Debug|ARM
		{DBED1904-9AE3-4712-A940-3842526CEDEF}.Debug|ARM.Build.0 = Debug|ARM
		{DBED1904-9AE3-4712-A940-3842526CEDEF}.Debug|ARM.Deploy.0 = Debug|ARM
		{DBED1904-9AE3-4712-A940-3842526CEDEF}.Debug|ARM64.ActiveCfg = Debug|ARM64
		{DBED1904-9AE3-4712-A940-3842526CEDEF}.Debug|ARM64.Build.0 = Debug|ARM64
		{DBED1904-9AE3-4712-A940-3842526CEDEF}.Debug|ARM64.Deploy.0 = Debug|ARM64
		{DBED1904-9AE3-4712-A940-3842526CEDEF}.Debug|x64.ActiveCfg = Debug|x64
		{DBED1904-9AE3-4712-A940-3842526CEDEF}.Debug|x64.Build.0 = Debug|x64
		{DBED1904-9AE3-4712-A940-3842526CEDEF}.Debug|x64.Deploy.0 = Debug|x64
		{DBED1904-9AE3-4712-A940-3842526CEDEF}.Debug|x86.ActiveCfg = Debug|x86
		{DBED1904-9AE3-4712-A940-3842526CEDEF}.Debug|x86.Build.0 = Debug|x86
		{DBED1904-9AE3-4712-A940-3842526CEDEF}.Debug|x86.Deploy.0 = Debug|x86
		{DBED1904-9AE3-4712-A940-3842526CEDEF}.Release|Any CPU.ActiveCfg = Release|x64
		{DBED1904-9AE3-4712-A940-3842526CEDEF}.Release|Any CPU.Build.0 = Release|x64
		{DBED1904-9AE3-4712-A940-3842526CEDEF}.Release|Any CPU.Deploy.0 = Release|x64
		{DBED1904-9AE3-4712-A940-3842526CEDEF}.Release|ARM.ActiveCfg = Release|ARM
		{DBED1904-9AE3-4712-A940-3842526CEDEF}.Release|ARM.Build.0 = Release|ARM
		{DBED1904-9AE3-4712-A940-3842526CEDEF}.Release|ARM.Deploy.0 = Release|ARM
		{DBED1904-9AE3-4712-A940-3842526CEDEF}.Release|ARM64.ActiveCfg = Release|ARM64
		{DBED1904-9AE3-4712-A940-3842526CEDEF}.Release|ARM64.Build.0 = Release|ARM64
		{DBED1904-9AE3-4712-A940-3842526CEDEF}.Release|ARM64.Deploy.0 = Release|ARM64
		{DBED1904-9AE3-4712-A940-3842526CEDEF}.Release|x64.ActiveCfg = Release|x64
		{DBED1904-9AE3-4712-A940-3842526CEDEF}.Release|x64.Build.0 = Release|x64
		{DBED1904-9AE3-4712-A940-3842526CEDEF}.Release|x64.Deploy.0 = Release|x64
		{DBED1904-9AE3-4712-A940-3842526CEDEF}.Release|x86.ActiveCfg = Release|x86
		{DBED1904-9AE3-4712-A940-3842526CEDEF}.Release|x86.Build.0 = Release|x86
		{DBED1904-9AE3-4712-A940-3842526CEDEF}.Release|x86.Deploy.0 = Release|x86
		{5B77463F-6244-41D2-A7EF-0006A81C2BAA}.Debug|Any CPU.ActiveCfg = Debug|Any CPU
		{5B77463F-6244-41D2-A7EF-0006A81C2BAA}.Debug|Any CPU.Build.0 = Debug|Any CPU
		{5B77463F-6244-41D2-A7EF-0006A81C2BAA}.Debug|ARM.ActiveCfg = Debug|Any CPU
		{5B77463F-6244-41D2-A7EF-0006A81C2BAA}.Debug|ARM.Build.0 = Debug|Any CPU
		{5B77463F-6244-41D2-A7EF-0006A81C2BAA}.Debug|ARM64.ActiveCfg = Debug|Any CPU
		{5B77463F-6244-41D2-A7EF-0006A81C2BAA}.Debug|ARM64.Build.0 = Debug|Any CPU
		{5B77463F-6244-41D2-A7EF-0006A81C2BAA}.Debug|x64.ActiveCfg = Debug|Any CPU
		{5B77463F-6244-41D2-A7EF-0006A81C2BAA}.Debug|x64.Build.0 = Debug|Any CPU
		{5B77463F-6244-41D2-A7EF-0006A81C2BAA}.Debug|x86.ActiveCfg = Debug|Any CPU
		{5B77463F-6244-41D2-A7EF-0006A81C2BAA}.Debug|x86.Build.0 = Debug|Any CPU
		{5B77463F-6244-41D2-A7EF-0006A81C2BAA}.Release|Any CPU.ActiveCfg = Release|Any CPU
		{5B77463F-6244-41D2-A7EF-0006A81C2BAA}.Release|Any CPU.Build.0 = Release|Any CPU
		{5B77463F-6244-41D2-A7EF-0006A81C2BAA}.Release|ARM.ActiveCfg = Release|Any CPU
		{5B77463F-6244-41D2-A7EF-0006A81C2BAA}.Release|ARM.Build.0 = Release|Any CPU
		{5B77463F-6244-41D2-A7EF-0006A81C2BAA}.Release|ARM64.ActiveCfg = Release|Any CPU
		{5B77463F-6244-41D2-A7EF-0006A81C2BAA}.Release|ARM64.Build.0 = Release|Any CPU
		{5B77463F-6244-41D2-A7EF-0006A81C2BAA}.Release|x64.ActiveCfg = Release|Any CPU
		{5B77463F-6244-41D2-A7EF-0006A81C2BAA}.Release|x64.Build.0 = Release|Any CPU
		{5B77463F-6244-41D2-A7EF-0006A81C2BAA}.Release|x86.ActiveCfg = Release|Any CPU
		{5B77463F-6244-41D2-A7EF-0006A81C2BAA}.Release|x86.Build.0 = Release|Any CPU
		{EE7204FB-A916-4188-9BB5-748D01412DB5}.Debug|Any CPU.ActiveCfg = Debug|Any CPU
		{EE7204FB-A916-4188-9BB5-748D01412DB5}.Debug|Any CPU.Build.0 = Debug|Any CPU
		{EE7204FB-A916-4188-9BB5-748D01412DB5}.Debug|ARM.ActiveCfg = Debug|Any CPU
		{EE7204FB-A916-4188-9BB5-748D01412DB5}.Debug|ARM.Build.0 = Debug|Any CPU
		{EE7204FB-A916-4188-9BB5-748D01412DB5}.Debug|ARM64.ActiveCfg = Debug|Any CPU
		{EE7204FB-A916-4188-9BB5-748D01412DB5}.Debug|ARM64.Build.0 = Debug|Any CPU
		{EE7204FB-A916-4188-9BB5-748D01412DB5}.Debug|x64.ActiveCfg = Debug|Any CPU
		{EE7204FB-A916-4188-9BB5-748D01412DB5}.Debug|x64.Build.0 = Debug|Any CPU
		{EE7204FB-A916-4188-9BB5-748D01412DB5}.Debug|x86.ActiveCfg = Debug|Any CPU
		{EE7204FB-A916-4188-9BB5-748D01412DB5}.Debug|x86.Build.0 = Debug|Any CPU
		{EE7204FB-A916-4188-9BB5-748D01412DB5}.Release|Any CPU.ActiveCfg = Release|Any CPU
		{EE7204FB-A916-4188-9BB5-748D01412DB5}.Release|Any CPU.Build.0 = Release|Any CPU
		{EE7204FB-A916-4188-9BB5-748D01412DB5}.Release|ARM.ActiveCfg = Release|Any CPU
		{EE7204FB-A916-4188-9BB5-748D01412DB5}.Release|ARM.Build.0 = Release|Any CPU
		{EE7204FB-A916-4188-9BB5-748D01412DB5}.Release|ARM64.ActiveCfg = Release|Any CPU
		{EE7204FB-A916-4188-9BB5-748D01412DB5}.Release|ARM64.Build.0 = Release|Any CPU
		{EE7204FB-A916-4188-9BB5-748D01412DB5}.Release|x64.ActiveCfg = Release|Any CPU
		{EE7204FB-A916-4188-9BB5-748D01412DB5}.Release|x64.Build.0 = Release|Any CPU
		{EE7204FB-A916-4188-9BB5-748D01412DB5}.Release|x86.ActiveCfg = Release|Any CPU
		{EE7204FB-A916-4188-9BB5-748D01412DB5}.Release|x86.Build.0 = Release|Any CPU
		{312EC129-3378-44F3-87F2-0C544BCA2071}.Debug|Any CPU.ActiveCfg = Debug|Any CPU
		{312EC129-3378-44F3-87F2-0C544BCA2071}.Debug|Any CPU.Build.0 = Debug|Any CPU
		{312EC129-3378-44F3-87F2-0C544BCA2071}.Debug|ARM.ActiveCfg = Debug|Any CPU
		{312EC129-3378-44F3-87F2-0C544BCA2071}.Debug|ARM.Build.0 = Debug|Any CPU
		{312EC129-3378-44F3-87F2-0C544BCA2071}.Debug|ARM64.ActiveCfg = Debug|Any CPU
		{312EC129-3378-44F3-87F2-0C544BCA2071}.Debug|ARM64.Build.0 = Debug|Any CPU
		{312EC129-3378-44F3-87F2-0C544BCA2071}.Debug|x64.ActiveCfg = Debug|Any CPU
		{312EC129-3378-44F3-87F2-0C544BCA2071}.Debug|x64.Build.0 = Debug|Any CPU
		{312EC129-3378-44F3-87F2-0C544BCA2071}.Debug|x86.ActiveCfg = Debug|Any CPU
		{312EC129-3378-44F3-87F2-0C544BCA2071}.Debug|x86.Build.0 = Debug|Any CPU
		{312EC129-3378-44F3-87F2-0C544BCA2071}.Release|Any CPU.ActiveCfg = Release|Any CPU
		{312EC129-3378-44F3-87F2-0C544BCA2071}.Release|Any CPU.Build.0 = Release|Any CPU
		{312EC129-3378-44F3-87F2-0C544BCA2071}.Release|ARM.ActiveCfg = Release|Any CPU
		{312EC129-3378-44F3-87F2-0C544BCA2071}.Release|ARM.Build.0 = Release|Any CPU
		{312EC129-3378-44F3-87F2-0C544BCA2071}.Release|ARM64.ActiveCfg = Release|Any CPU
		{312EC129-3378-44F3-87F2-0C544BCA2071}.Release|ARM64.Build.0 = Release|Any CPU
		{312EC129-3378-44F3-87F2-0C544BCA2071}.Release|x64.ActiveCfg = Release|Any CPU
		{312EC129-3378-44F3-87F2-0C544BCA2071}.Release|x64.Build.0 = Release|Any CPU
		{312EC129-3378-44F3-87F2-0C544BCA2071}.Release|x86.ActiveCfg = Release|Any CPU
		{312EC129-3378-44F3-87F2-0C544BCA2071}.Release|x86.Build.0 = Release|Any CPU
		{D7BB00A5-0956-404D-A816-CBAF76BA5A55}.Debug|Any CPU.ActiveCfg = Debug|Any CPU
		{D7BB00A5-0956-404D-A816-CBAF76BA5A55}.Debug|Any CPU.Build.0 = Debug|Any CPU
		{D7BB00A5-0956-404D-A816-CBAF76BA5A55}.Debug|ARM.ActiveCfg = Debug|Any CPU
		{D7BB00A5-0956-404D-A816-CBAF76BA5A55}.Debug|ARM.Build.0 = Debug|Any CPU
		{D7BB00A5-0956-404D-A816-CBAF76BA5A55}.Debug|ARM64.ActiveCfg = Debug|Any CPU
		{D7BB00A5-0956-404D-A816-CBAF76BA5A55}.Debug|ARM64.Build.0 = Debug|Any CPU
		{D7BB00A5-0956-404D-A816-CBAF76BA5A55}.Debug|x64.ActiveCfg = Debug|Any CPU
		{D7BB00A5-0956-404D-A816-CBAF76BA5A55}.Debug|x64.Build.0 = Debug|Any CPU
		{D7BB00A5-0956-404D-A816-CBAF76BA5A55}.Debug|x86.ActiveCfg = Debug|Any CPU
		{D7BB00A5-0956-404D-A816-CBAF76BA5A55}.Debug|x86.Build.0 = Debug|Any CPU
		{D7BB00A5-0956-404D-A816-CBAF76BA5A55}.Release|Any CPU.ActiveCfg = Release|Any CPU
		{D7BB00A5-0956-404D-A816-CBAF76BA5A55}.Release|Any CPU.Build.0 = Release|Any CPU
		{D7BB00A5-0956-404D-A816-CBAF76BA5A55}.Release|ARM.ActiveCfg = Release|Any CPU
		{D7BB00A5-0956-404D-A816-CBAF76BA5A55}.Release|ARM.Build.0 = Release|Any CPU
		{D7BB00A5-0956-404D-A816-CBAF76BA5A55}.Release|ARM64.ActiveCfg = Release|Any CPU
		{D7BB00A5-0956-404D-A816-CBAF76BA5A55}.Release|ARM64.Build.0 = Release|Any CPU
		{D7BB00A5-0956-404D-A816-CBAF76BA5A55}.Release|x64.ActiveCfg = Release|Any CPU
		{D7BB00A5-0956-404D-A816-CBAF76BA5A55}.Release|x64.Build.0 = Release|Any CPU
		{D7BB00A5-0956-404D-A816-CBAF76BA5A55}.Release|x86.ActiveCfg = Release|Any CPU
		{D7BB00A5-0956-404D-A816-CBAF76BA5A55}.Release|x86.Build.0 = Release|Any CPU
	EndGlobalSection
	GlobalSection(SolutionProperties) = preSolution
		HideSolutionNode = FALSE
	EndGlobalSection
	GlobalSection(ExtensibilityGlobals) = postSolution
		SolutionGuid = {D7719CEF-FDA3-4D62-A661-185F64DF999E}
	EndGlobalSection
EndGlobal
