
Microsoft Visual Studio Solution File, Format Version 12.00
# Visual Studio Version 17
VisualStudioVersion = 17.0.31919.166
MinimumVisualStudioVersion = 10.0.40219.1
Project("{FAE04EC0-301F-11D3-BF4B-00C04F79EFBC}") = "01_ConsoleApp", "01_ConsoleApp\01_ConsoleApp.csproj", "{D84888AC-C167-4A06-9F43-06723C0506AD}"
EndProject
Project("{FAE04EC0-301F-11D3-BF4B-00C04F79EFBC}") = "01_ConsoleApp.Tests", "01_ConsoleApp.Tests\01_ConsoleApp.Tests.csproj", "{859BEB89-FAE4-44AE-8E46-41F4CDF899DE}"
EndProject
Project("{FAE04EC0-301F-11D3-BF4B-00C04F79EFBC}") = "02_TodoList_ConsoleApp", "02_TodoList_ConsoleApp\02_TodoList_ConsoleApp.csproj", "{3D392D06-E7EA-4DEF-BC52-1B66677D3731}"
EndProject
Project("{FAE04EC0-301F-11D3-BF4B-00C04F79EFBC}") = "02_TodoList.Repository", "02_TodoList.Repository\02_TodoList.Repository.csproj", "{961047EE-C481-4044-8C38-616094F262F3}"
EndProject
Project("{FAE04EC0-301F-11D3-BF4B-00C04F79EFBC}") = "02_TodoList.Tests", "02_TodoList.Tests\02_TodoList.Tests.csproj", "{EE9392B2-46C3-4E99-853A-4DC7A84309A3}"
EndProject
Project("{FAE04EC0-301F-11D3-BF4B-00C04F79EFBC}") = "03_ProductList.App", "03_ProductList.App\03_ProductList.App.csproj", "{8DF4F049-BB99-4EB5-B7C2-2C7BEB15FA79}"
EndProject
Project("{FAE04EC0-301F-11D3-BF4B-00C04F79EFBC}") = "03_ProductList.Tests.xUnit", "03_ProductList.Tests.xUnit\03_ProductList.Tests.xUnit.csproj", "{2C582FEF-4D96-471E-A8D8-93195C45903E}"
EndProject
Project("{FAE04EC0-301F-11D3-BF4B-00C04F79EFBC}") = "03_ProductList.Tests.nUnit", "03_ProductList.Tests.nUnit\03_ProductList.Tests.nUnit.csproj", "{28790836-EB0B-4347-8A73-79A7E5B17EBB}"
EndProject
Project("{FAE04EC0-301F-11D3-BF4B-00C04F79EFBC}") = "03_ProductList.Tests.MSTest", "03_ProductList.Tests.MSTest\03_ProductList.Tests.MSTest.csproj", "{6E17F20C-0D81-4447-A9AA-5A82CE4395FC}"
EndProject
Project("{FAE04EC0-301F-11D3-BF4B-00C04F79EFBC}") = "04_MulipleDataPoints.App", "04_MulipleDataPoints.App\04_MulipleDataPoints.App.csproj", "{A71B68A4-0D20-4F17-BF8F-52E8A0322FF5}"
EndProject
Project("{FAE04EC0-301F-11D3-BF4B-00C04F79EFBC}") = "04_MultipleDataPoints.Tests.xUnit", "04_MultipleDataPoints.Tests.xUnit\04_MultipleDataPoints.Tests.xUnit.csproj", "{3C6B244F-0533-466B-9942-BC8F18BB7E12}"
EndProject
Project("{FAE04EC0-301F-11D3-BF4B-00C04F79EFBC}") = "04_MultipleDataPoints.Tests.nUnit", "04_MultipleDataPoints.Tests.nUnit\04_MultipleDataPoints.Tests.nUnit.csproj", "{A005A996-E635-449C-AF7C-BE7B2531A9A5}"
EndProject
Project("{FAE04EC0-301F-11D3-BF4B-00C04F79EFBC}") = "04_MultipleDataPoint.Tests.MSTest", "04_MultipleDataPoint.Tests.MSTest\04_MultipleDataPoint.Tests.MSTest.csproj", "{4BBA5D5D-F6A0-44EC-97E6-410566A2E472}"
EndProject
Project("{FAE04EC0-301F-11D3-BF4B-00C04F79EFBC}") = "05_TodoList.AppGUI", "05_TodoList.AppGUI\05_TodoList.AppGUI.csproj", "{8E766C05-04DE-4F43-9429-AE587AB7C5EB}"
EndProject
Project("{FAE04EC0-301F-11D3-BF4B-00C04F79EFBC}") = "05_TodoList.Tests", "05_TodoList.Tests\05_TodoList.Tests.csproj", "{690A553D-EEBD-4846-9D56-089A9550A9FF}"
EndProject
Project("{FAE04EC0-301F-11D3-BF4B-00C04F79EFBC}") = "05_TodoList.Repository", "05_TodoList.Repository\05_TodoList.Repository.csproj", "{6245EABE-0DE0-481B-9721-1A7EA197BE62}"
EndProject
Global
	GlobalSection(SolutionConfigurationPlatforms) = preSolution
		Debug|Any CPU = Debug|Any CPU
		Debug|ARM = Debug|ARM
		Debug|ARM64 = Debug|ARM64
		Debug|x64 = Debug|x64
		Debug|x86 = Debug|x86
		Release|Any CPU = Release|Any CPU
		Release|ARM = Release|ARM
		Release|ARM64 = Release|ARM64
		Release|x64 = Release|x64
		Release|x86 = Release|x86
	EndGlobalSection
	GlobalSection(ProjectConfigurationPlatforms) = postSolution
		{D84888AC-C167-4A06-9F43-06723C0506AD}.Debug|Any CPU.ActiveCfg = Debug|Any CPU
		{D84888AC-C167-4A06-9F43-06723C0506AD}.Debug|Any CPU.Build.0 = Debug|Any CPU
		{D84888AC-C167-4A06-9F43-06723C0506AD}.Debug|ARM.ActiveCfg = Debug|Any CPU
		{D84888AC-C167-4A06-9F43-06723C0506AD}.Debug|ARM.Build.0 = Debug|Any CPU
		{D84888AC-C167-4A06-9F43-06723C0506AD}.Debug|ARM64.ActiveCfg = Debug|Any CPU
		{D84888AC-C167-4A06-9F43-06723C0506AD}.Debug|ARM64.Build.0 = Debug|Any CPU
		{D84888AC-C167-4A06-9F43-06723C0506AD}.Debug|x64.ActiveCfg = Debug|Any CPU
		{D84888AC-C167-4A06-9F43-06723C0506AD}.Debug|x64.Build.0 = Debug|Any CPU
		{D84888AC-C167-4A06-9F43-06723C0506AD}.Debug|x86.ActiveCfg = Debug|Any CPU
		{D84888AC-C167-4A06-9F43-06723C0506AD}.Debug|x86.Build.0 = Debug|Any CPU
		{D84888AC-C167-4A06-9F43-06723C0506AD}.Release|Any CPU.ActiveCfg = Release|Any CPU
		{D84888AC-C167-4A06-9F43-06723C0506AD}.Release|Any CPU.Build.0 = Release|Any CPU
		{D84888AC-C167-4A06-9F43-06723C0506AD}.Release|ARM.ActiveCfg = Release|Any CPU
		{D84888AC-C167-4A06-9F43-06723C0506AD}.Release|ARM.Build.0 = Release|Any CPU
		{D84888AC-C167-4A06-9F43-06723C0506AD}.Release|ARM64.ActiveCfg = Release|Any CPU
		{D84888AC-C167-4A06-9F43-06723C0506AD}.Release|ARM64.Build.0 = Release|Any CPU
		{D84888AC-C167-4A06-9F43-06723C0506AD}.Release|x64.ActiveCfg = Release|Any CPU
		{D84888AC-C167-4A06-9F43-06723C0506AD}.Release|x64.Build.0 = Release|Any CPU
		{D84888AC-C167-4A06-9F43-06723C0506AD}.Release|x86.ActiveCfg = Release|Any CPU
		{D84888AC-C167-4A06-9F43-06723C0506AD}.Release|x86.Build.0 = Release|Any CPU
		{859BEB89-FAE4-44AE-8E46-41F4CDF899DE}.Debug|Any CPU.ActiveCfg = Debug|Any CPU
		{859BEB89-FAE4-44AE-8E46-41F4CDF899DE}.Debug|Any CPU.Build.0 = Debug|Any CPU
		{859BEB89-FAE4-44AE-8E46-41F4CDF899DE}.Debug|ARM.ActiveCfg = Debug|Any CPU
		{859BEB89-FAE4-44AE-8E46-41F4CDF899DE}.Debug|ARM.Build.0 = Debug|Any CPU
		{859BEB89-FAE4-44AE-8E46-41F4CDF899DE}.Debug|ARM64.ActiveCfg = Debug|Any CPU
		{859BEB89-FAE4-44AE-8E46-41F4CDF899DE}.Debug|ARM64.Build.0 = Debug|Any CPU
		{859BEB89-FAE4-44AE-8E46-41F4CDF899DE}.Debug|x64.ActiveCfg = Debug|Any CPU
		{859BEB89-FAE4-44AE-8E46-41F4CDF899DE}.Debug|x64.Build.0 = Debug|Any CPU
		{859BEB89-FAE4-44AE-8E46-41F4CDF899DE}.Debug|x86.ActiveCfg = Debug|Any CPU
		{859BEB89-FAE4-44AE-8E46-41F4CDF899DE}.Debug|x86.Build.0 = Debug|Any CPU
		{859BEB89-FAE4-44AE-8E46-41F4CDF899DE}.Release|Any CPU.ActiveCfg = Release|Any CPU
		{859BEB89-FAE4-44AE-8E46-41F4CDF899DE}.Release|Any CPU.Build.0 = Release|Any CPU
		{859BEB89-FAE4-44AE-8E46-41F4CDF899DE}.Release|ARM.ActiveCfg = Release|Any CPU
		{859BEB89-FAE4-44AE-8E46-41F4CDF899DE}.Release|ARM.Build.0 = Release|Any CPU
		{859BEB89-FAE4-44AE-8E46-41F4CDF899DE}.Release|ARM64.ActiveCfg = Release|Any CPU
		{859BEB89-FAE4-44AE-8E46-41F4CDF899DE}.Release|ARM64.Build.0 = Release|Any CPU
		{859BEB89-FAE4-44AE-8E46-41F4CDF899DE}.Release|x64.ActiveCfg = Release|Any CPU
		{859BEB89-FAE4-44AE-8E46-41F4CDF899DE}.Release|x64.Build.0 = Release|Any CPU
		{859BEB89-FAE4-44AE-8E46-41F4CDF899DE}.Release|x86.ActiveCfg = Release|Any CPU
		{859BEB89-FAE4-44AE-8E46-41F4CDF899DE}.Release|x86.Build.0 = Release|Any CPU
		{3D392D06-E7EA-4DEF-BC52-1B66677D3731}.Debug|Any CPU.ActiveCfg = Debug|Any CPU
		{3D392D06-E7EA-4DEF-BC52-1B66677D3731}.Debug|Any CPU.Build.0 = Debug|Any CPU
		{3D392D06-E7EA-4DEF-BC52-1B66677D3731}.Debug|ARM.ActiveCfg = Debug|Any CPU
		{3D392D06-E7EA-4DEF-BC52-1B66677D3731}.Debug|ARM.Build.0 = Debug|Any CPU
		{3D392D06-E7EA-4DEF-BC52-1B66677D3731}.Debug|ARM64.ActiveCfg = Debug|Any CPU
		{3D392D06-E7EA-4DEF-BC52-1B66677D3731}.Debug|ARM64.Build.0 = Debug|Any CPU
		{3D392D06-E7EA-4DEF-BC52-1B66677D3731}.Debug|x64.ActiveCfg = Debug|Any CPU
		{3D392D06-E7EA-4DEF-BC52-1B66677D3731}.Debug|x64.Build.0 = Debug|Any CPU
		{3D392D06-E7EA-4DEF-BC52-1B66677D3731}.Debug|x86.ActiveCfg = Debug|Any CPU
		{3D392D06-E7EA-4DEF-BC52-1B66677D3731}.Debug|x86.Build.0 = Debug|Any CPU
		{3D392D06-E7EA-4DEF-BC52-1B66677D3731}.Release|Any CPU.ActiveCfg = Release|Any CPU
		{3D392D06-E7EA-4DEF-BC52-1B66677D3731}.Release|Any CPU.Build.0 = Release|Any CPU
		{3D392D06-E7EA-4DEF-BC52-1B66677D3731}.Release|ARM.ActiveCfg = Release|Any CPU
		{3D392D06-E7EA-4DEF-BC52-1B66677D3731}.Release|ARM.Build.0 = Release|Any CPU
		{3D392D06-E7EA-4DEF-BC52-1B66677D3731}.Release|ARM64.ActiveCfg = Release|Any CPU
		{3D392D06-E7EA-4DEF-BC52-1B66677D3731}.Release|ARM64.Build.0 = Release|Any CPU
		{3D392D06-E7EA-4DEF-BC52-1B66677D3731}.Release|x64.ActiveCfg = Release|Any CPU
		{3D392D06-E7EA-4DEF-BC52-1B66677D3731}.Release|x64.Build.0 = Release|Any CPU
		{3D392D06-E7EA-4DEF-BC52-1B66677D3731}.Release|x86.ActiveCfg = Release|Any CPU
		{3D392D06-E7EA-4DEF-BC52-1B66677D3731}.Release|x86.Build.0 = Release|Any CPU
		{961047EE-C481-4044-8C38-616094F262F3}.Debug|Any CPU.ActiveCfg = Debug|Any CPU
		{961047EE-C481-4044-8C38-616094F262F3}.Debug|Any CPU.Build.0 = Debug|Any CPU
		{961047EE-C481-4044-8C38-616094F262F3}.Debug|ARM.ActiveCfg = Debug|Any CPU
		{961047EE-C481-4044-8C38-616094F262F3}.Debug|ARM.Build.0 = Debug|Any CPU
		{961047EE-C481-4044-8C38-616094F262F3}.Debug|ARM64.ActiveCfg = Debug|Any CPU
		{961047EE-C481-4044-8C38-616094F262F3}.Debug|ARM64.Build.0 = Debug|Any CPU
		{961047EE-C481-4044-8C38-616094F262F3}.Debug|x64.ActiveCfg = Debug|Any CPU
		{961047EE-C481-4044-8C38-616094F262F3}.Debug|x64.Build.0 = Debug|Any CPU
		{961047EE-C481-4044-8C38-616094F262F3}.Debug|x86.ActiveCfg = Debug|Any CPU
		{961047EE-C481-4044-8C38-616094F262F3}.Debug|x86.Build.0 = Debug|Any CPU
		{961047EE-C481-4044-8C38-616094F262F3}.Release|Any CPU.ActiveCfg = Release|Any CPU
		{961047EE-C481-4044-8C38-616094F262F3}.Release|Any CPU.Build.0 = Release|Any CPU
		{961047EE-C481-4044-8C38-616094F262F3}.Release|ARM.ActiveCfg = Release|Any CPU
		{961047EE-C481-4044-8C38-616094F262F3}.Release|ARM.Build.0 = Release|Any CPU
		{961047EE-C481-4044-8C38-616094F262F3}.Release|ARM64.ActiveCfg = Release|Any CPU
		{961047EE-C481-4044-8C38-616094F262F3}.Release|ARM64.Build.0 = Release|Any CPU
		{961047EE-C481-4044-8C38-616094F262F3}.Release|x64.ActiveCfg = Release|Any CPU
		{961047EE-C481-4044-8C38-616094F262F3}.Release|x64.Build.0 = Release|Any CPU
		{961047EE-C481-4044-8C38-616094F262F3}.Release|x86.ActiveCfg = Release|Any CPU
		{961047EE-C481-4044-8C38-616094F262F3}.Release|x86.Build.0 = Release|Any CPU
		{EE9392B2-46C3-4E99-853A-4DC7A84309A3}.Debug|Any CPU.ActiveCfg = Debug|Any CPU
		{EE9392B2-46C3-4E99-853A-4DC7A84309A3}.Debug|Any CPU.Build.0 = Debug|Any CPU
		{EE9392B2-46C3-4E99-853A-4DC7A84309A3}.Debug|ARM.ActiveCfg = Debug|Any CPU
		{EE9392B2-46C3-4E99-853A-4DC7A84309A3}.Debug|ARM.Build.0 = Debug|Any CPU
		{EE9392B2-46C3-4E99-853A-4DC7A84309A3}.Debug|ARM64.ActiveCfg = Debug|Any CPU
		{EE9392B2-46C3-4E99-853A-4DC7A84309A3}.Debug|ARM64.Build.0 = Debug|Any CPU
		{EE9392B2-46C3-4E99-853A-4DC7A84309A3}.Debug|x64.ActiveCfg = Debug|Any CPU
		{EE9392B2-46C3-4E99-853A-4DC7A84309A3}.Debug|x64.Build.0 = Debug|Any CPU
		{EE9392B2-46C3-4E99-853A-4DC7A84309A3}.Debug|x86.ActiveCfg = Debug|Any CPU
		{EE9392B2-46C3-4E99-853A-4DC7A84309A3}.Debug|x86.Build.0 = Debug|Any CPU
		{EE9392B2-46C3-4E99-853A-4DC7A84309A3}.Release|Any CPU.ActiveCfg = Release|Any CPU
		{EE9392B2-46C3-4E99-853A-4DC7A84309A3}.Release|Any CPU.Build.0 = Release|Any CPU
		{EE9392B2-46C3-4E99-853A-4DC7A84309A3}.Release|ARM.ActiveCfg = Release|Any CPU
		{EE9392B2-46C3-4E99-853A-4DC7A84309A3}.Release|ARM.Build.0 = Release|Any CPU
		{EE9392B2-46C3-4E99-853A-4DC7A84309A3}.Release|ARM64.ActiveCfg = Release|Any CPU
		{EE9392B2-46C3-4E99-853A-4DC7A84309A3}.Release|ARM64.Build.0 = Release|Any CPU
		{EE9392B2-46C3-4E99-853A-4DC7A84309A3}.Release|x64.ActiveCfg = Release|Any CPU
		{EE9392B2-46C3-4E99-853A-4DC7A84309A3}.Release|x64.Build.0 = Release|Any CPU
		{EE9392B2-46C3-4E99-853A-4DC7A84309A3}.Release|x86.ActiveCfg = Release|Any CPU
		{EE9392B2-46C3-4E99-853A-4DC7A84309A3}.Release|x86.Build.0 = Release|Any CPU
		{8DF4F049-BB99-4EB5-B7C2-2C7BEB15FA79}.Debug|Any CPU.ActiveCfg = Debug|Any CPU
		{8DF4F049-BB99-4EB5-B7C2-2C7BEB15FA79}.Debug|Any CPU.Build.0 = Debug|Any CPU
		{8DF4F049-BB99-4EB5-B7C2-2C7BEB15FA79}.Debug|ARM.ActiveCfg = Debug|Any CPU
		{8DF4F049-BB99-4EB5-B7C2-2C7BEB15FA79}.Debug|ARM.Build.0 = Debug|Any CPU
		{8DF4F049-BB99-4EB5-B7C2-2C7BEB15FA79}.Debug|ARM64.ActiveCfg = Debug|Any CPU
		{8DF4F049-BB99-4EB5-B7C2-2C7BEB15FA79}.Debug|ARM64.Build.0 = Debug|Any CPU
		{8DF4F049-BB99-4EB5-B7C2-2C7BEB15FA79}.Debug|x64.ActiveCfg = Debug|Any CPU
		{8DF4F049-BB99-4EB5-B7C2-2C7BEB15FA79}.Debug|x64.Build.0 = Debug|Any CPU
		{8DF4F049-BB99-4EB5-B7C2-2C7BEB15FA79}.Debug|x86.ActiveCfg = Debug|Any CPU
		{8DF4F049-BB99-4EB5-B7C2-2C7BEB15FA79}.Debug|x86.Build.0 = Debug|Any CPU
		{8DF4F049-BB99-4EB5-B7C2-2C7BEB15FA79}.Release|Any CPU.ActiveCfg = Release|Any CPU
		{8DF4F049-BB99-4EB5-B7C2-2C7BEB15FA79}.Release|Any CPU.Build.0 = Release|Any CPU
		{8DF4F049-BB99-4EB5-B7C2-2C7BEB15FA79}.Release|ARM.ActiveCfg = Release|Any CPU
		{8DF4F049-BB99-4EB5-B7C2-2C7BEB15FA79}.Release|ARM.Build.0 = Release|Any CPU
		{8DF4F049-BB99-4EB5-B7C2-2C7BEB15FA79}.Release|ARM64.ActiveCfg = Release|Any CPU
		{8DF4F049-BB99-4EB5-B7C2-2C7BEB15FA79}.Release|ARM64.Build.0 = Release|Any CPU
		{8DF4F049-BB99-4EB5-B7C2-2C7BEB15FA79}.Release|x64.ActiveCfg = Release|Any CPU
		{8DF4F049-BB99-4EB5-B7C2-2C7BEB15FA79}.Release|x64.Build.0 = Release|Any CPU
		{8DF4F049-BB99-4EB5-B7C2-2C7BEB15FA79}.Release|x86.ActiveCfg = Release|Any CPU
		{8DF4F049-BB99-4EB5-B7C2-2C7BEB15FA79}.Release|x86.Build.0 = Release|Any CPU
		{2C582FEF-4D96-471E-A8D8-93195C45903E}.Debug|Any CPU.ActiveCfg = Debug|Any CPU
		{2C582FEF-4D96-471E-A8D8-93195C45903E}.Debug|Any CPU.Build.0 = Debug|Any CPU
		{2C582FEF-4D96-471E-A8D8-93195C45903E}.Debug|ARM.ActiveCfg = Debug|Any CPU
		{2C582FEF-4D96-471E-A8D8-93195C45903E}.Debug|ARM.Build.0 = Debug|Any CPU
		{2C582FEF-4D96-471E-A8D8-93195C45903E}.Debug|ARM64.ActiveCfg = Debug|Any CPU
		{2C582FEF-4D96-471E-A8D8-93195C45903E}.Debug|ARM64.Build.0 = Debug|Any CPU
		{2C582FEF-4D96-471E-A8D8-93195C45903E}.Debug|x64.ActiveCfg = Debug|Any CPU
		{2C582FEF-4D96-471E-A8D8-93195C45903E}.Debug|x64.Build.0 = Debug|Any CPU
		{2C582FEF-4D96-471E-A8D8-93195C45903E}.Debug|x86.ActiveCfg = Debug|Any CPU
		{2C582FEF-4D96-471E-A8D8-93195C45903E}.Debug|x86.Build.0 = Debug|Any CPU
		{2C582FEF-4D96-471E-A8D8-93195C45903E}.Release|Any CPU.ActiveCfg = Release|Any CPU
		{2C582FEF-4D96-471E-A8D8-93195C45903E}.Release|Any CPU.Build.0 = Release|Any CPU
		{2C582FEF-4D96-471E-A8D8-93195C45903E}.Release|ARM.ActiveCfg = Release|Any CPU
		{2C582FEF-4D96-471E-A8D8-93195C45903E}.Release|ARM.Build.0 = Release|Any CPU
		{2C582FEF-4D96-471E-A8D8-93195C45903E}.Release|ARM64.ActiveCfg = Release|Any CPU
		{2C582FEF-4D96-471E-A8D8-93195C45903E}.Release|ARM64.Build.0 = Release|Any CPU
		{2C582FEF-4D96-471E-A8D8-93195C45903E}.Release|x64.ActiveCfg = Release|Any CPU
		{2C582FEF-4D96-471E-A8D8-93195C45903E}.Release|x64.Build.0 = Release|Any CPU
		{2C582FEF-4D96-471E-A8D8-93195C45903E}.Release|x86.ActiveCfg = Release|Any CPU
		{2C582FEF-4D96-471E-A8D8-93195C45903E}.Release|x86.Build.0 = Release|Any CPU
		{28790836-EB0B-4347-8A73-79A7E5B17EBB}.Debug|Any CPU.ActiveCfg = Debug|Any CPU
		{28790836-EB0B-4347-8A73-79A7E5B17EBB}.Debug|Any CPU.Build.0 = Debug|Any CPU
		{28790836-EB0B-4347-8A73-79A7E5B17EBB}.Debug|ARM.ActiveCfg = Debug|Any CPU
		{28790836-EB0B-4347-8A73-79A7E5B17EBB}.Debug|ARM.Build.0 = Debug|Any CPU
		{28790836-EB0B-4347-8A73-79A7E5B17EBB}.Debug|ARM64.ActiveCfg = Debug|Any CPU
		{28790836-EB0B-4347-8A73-79A7E5B17EBB}.Debug|ARM64.Build.0 = Debug|Any CPU
		{28790836-EB0B-4347-8A73-79A7E5B17EBB}.Debug|x64.ActiveCfg = Debug|Any CPU
		{28790836-EB0B-4347-8A73-79A7E5B17EBB}.Debug|x64.Build.0 = Debug|Any CPU
		{28790836-EB0B-4347-8A73-79A7E5B17EBB}.Debug|x86.ActiveCfg = Debug|Any CPU
		{28790836-EB0B-4347-8A73-79A7E5B17EBB}.Debug|x86.Build.0 = Debug|Any CPU
		{28790836-EB0B-4347-8A73-79A7E5B17EBB}.Release|Any CPU.ActiveCfg = Release|Any CPU
		{28790836-EB0B-4347-8A73-79A7E5B17EBB}.Release|Any CPU.Build.0 = Release|Any CPU
		{28790836-EB0B-4347-8A73-79A7E5B17EBB}.Release|ARM.ActiveCfg = Release|Any CPU
		{28790836-EB0B-4347-8A73-79A7E5B17EBB}.Release|ARM.Build.0 = Release|Any CPU
		{28790836-EB0B-4347-8A73-79A7E5B17EBB}.Release|ARM64.ActiveCfg = Release|Any CPU
		{28790836-EB0B-4347-8A73-79A7E5B17EBB}.Release|ARM64.Build.0 = Release|Any CPU
		{28790836-EB0B-4347-8A73-79A7E5B17EBB}.Release|x64.ActiveCfg = Release|Any CPU
		{28790836-EB0B-4347-8A73-79A7E5B17EBB}.Release|x64.Build.0 = Release|Any CPU
		{28790836-EB0B-4347-8A73-79A7E5B17EBB}.Release|x86.ActiveCfg = Release|Any CPU
		{28790836-EB0B-4347-8A73-79A7E5B17EBB}.Release|x86.Build.0 = Release|Any CPU
		{6E17F20C-0D81-4447-A9AA-5A82CE4395FC}.Debug|Any CPU.ActiveCfg = Debug|Any CPU
		{6E17F20C-0D81-4447-A9AA-5A82CE4395FC}.Debug|Any CPU.Build.0 = Debug|Any CPU
		{6E17F20C-0D81-4447-A9AA-5A82CE4395FC}.Debug|ARM.ActiveCfg = Debug|Any CPU
		{6E17F20C-0D81-4447-A9AA-5A82CE4395FC}.Debug|ARM.Build.0 = Debug|Any CPU
		{6E17F20C-0D81-4447-A9AA-5A82CE4395FC}.Debug|ARM64.ActiveCfg = Debug|Any CPU
		{6E17F20C-0D81-4447-A9AA-5A82CE4395FC}.Debug|ARM64.Build.0 = Debug|Any CPU
		{6E17F20C-0D81-4447-A9AA-5A82CE4395FC}.Debug|x64.ActiveCfg = Debug|Any CPU
		{6E17F20C-0D81-4447-A9AA-5A82CE4395FC}.Debug|x64.Build.0 = Debug|Any CPU
		{6E17F20C-0D81-4447-A9AA-5A82CE4395FC}.Debug|x86.ActiveCfg = Debug|Any CPU
		{6E17F20C-0D81-4447-A9AA-5A82CE4395FC}.Debug|x86.Build.0 = Debug|Any CPU
		{6E17F20C-0D81-4447-A9AA-5A82CE4395FC}.Release|Any CPU.ActiveCfg = Release|Any CPU
		{6E17F20C-0D81-4447-A9AA-5A82CE4395FC}.Release|Any CPU.Build.0 = Release|Any CPU
		{6E17F20C-0D81-4447-A9AA-5A82CE4395FC}.Release|ARM.ActiveCfg = Release|Any CPU
		{6E17F20C-0D81-4447-A9AA-5A82CE4395FC}.Release|ARM.Build.0 = Release|Any CPU
		{6E17F20C-0D81-4447-A9AA-5A82CE4395FC}.Release|ARM64.ActiveCfg = Release|Any CPU
		{6E17F20C-0D81-4447-A9AA-5A82CE4395FC}.Release|ARM64.Build.0 = Release|Any CPU
		{6E17F20C-0D81-4447-A9AA-5A82CE4395FC}.Release|x64.ActiveCfg = Release|Any CPU
		{6E17F20C-0D81-4447-A9AA-5A82CE4395FC}.Release|x64.Build.0 = Release|Any CPU
		{6E17F20C-0D81-4447-A9AA-5A82CE4395FC}.Release|x86.ActiveCfg = Release|Any CPU
		{6E17F20C-0D81-4447-A9AA-5A82CE4395FC}.Release|x86.Build.0 = Release|Any CPU
		{A71B68A4-0D20-4F17-BF8F-52E8A0322FF5}.Debug|Any CPU.ActiveCfg = Debug|Any CPU
		{A71B68A4-0D20-4F17-BF8F-52E8A0322FF5}.Debug|Any CPU.Build.0 = Debug|Any CPU
		{A71B68A4-0D20-4F17-BF8F-52E8A0322FF5}.Debug|ARM.ActiveCfg = Debug|Any CPU
		{A71B68A4-0D20-4F17-BF8F-52E8A0322FF5}.Debug|ARM.Build.0 = Debug|Any CPU
		{A71B68A4-0D20-4F17-BF8F-52E8A0322FF5}.Debug|ARM64.ActiveCfg = Debug|Any CPU
		{A71B68A4-0D20-4F17-BF8F-52E8A0322FF5}.Debug|ARM64.Build.0 = Debug|Any CPU
		{A71B68A4-0D20-4F17-BF8F-52E8A0322FF5}.Debug|x64.ActiveCfg = Debug|Any CPU
		{A71B68A4-0D20-4F17-BF8F-52E8A0322FF5}.Debug|x64.Build.0 = Debug|Any CPU
		{A71B68A4-0D20-4F17-BF8F-52E8A0322FF5}.Debug|x86.ActiveCfg = Debug|Any CPU
		{A71B68A4-0D20-4F17-BF8F-52E8A0322FF5}.Debug|x86.Build.0 = Debug|Any CPU
		{A71B68A4-0D20-4F17-BF8F-52E8A0322FF5}.Release|Any CPU.ActiveCfg = Release|Any CPU
		{A71B68A4-0D20-4F17-BF8F-52E8A0322FF5}.Release|Any CPU.Build.0 = Release|Any CPU
		{A71B68A4-0D20-4F17-BF8F-52E8A0322FF5}.Release|ARM.ActiveCfg = Release|Any CPU
		{A71B68A4-0D20-4F17-BF8F-52E8A0322FF5}.Release|ARM.Build.0 = Release|Any CPU
		{A71B68A4-0D20-4F17-BF8F-52E8A0322FF5}.Release|ARM64.ActiveCfg = Release|Any CPU
		{A71B68A4-0D20-4F17-BF8F-52E8A0322FF5}.Release|ARM64.Build.0 = Release|Any CPU
		{A71B68A4-0D20-4F17-BF8F-52E8A0322FF5}.Release|x64.ActiveCfg = Release|Any CPU
		{A71B68A4-0D20-4F17-BF8F-52E8A0322FF5}.Release|x64.Build.0 = Release|Any CPU
		{A71B68A4-0D20-4F17-BF8F-52E8A0322FF5}.Release|x86.ActiveCfg = Release|Any CPU
		{A71B68A4-0D20-4F17-BF8F-52E8A0322FF5}.Release|x86.Build.0 = Release|Any CPU
		{3C6B244F-0533-466B-9942-BC8F18BB7E12}.Debug|Any CPU.ActiveCfg = Debug|Any CPU
		{3C6B244F-0533-466B-9942-BC8F18BB7E12}.Debug|Any CPU.Build.0 = Debug|Any CPU
		{3C6B244F-0533-466B-9942-BC8F18BB7E12}.Debug|ARM.ActiveCfg = Debug|Any CPU
		{3C6B244F-0533-466B-9942-BC8F18BB7E12}.Debug|ARM.Build.0 = Debug|Any CPU
		{3C6B244F-0533-466B-9942-BC8F18BB7E12}.Debug|ARM64.ActiveCfg = Debug|Any CPU
		{3C6B244F-0533-466B-9942-BC8F18BB7E12}.Debug|ARM64.Build.0 = Debug|Any CPU
		{3C6B244F-0533-466B-9942-BC8F18BB7E12}.Debug|x64.ActiveCfg = Debug|Any CPU
		{3C6B244F-0533-466B-9942-BC8F18BB7E12}.Debug|x64.Build.0 = Debug|Any CPU
		{3C6B244F-0533-466B-9942-BC8F18BB7E12}.Debug|x86.ActiveCfg = Debug|Any CPU
		{3C6B244F-0533-466B-9942-BC8F18BB7E12}.Debug|x86.Build.0 = Debug|Any CPU
		{3C6B244F-0533-466B-9942-BC8F18BB7E12}.Release|Any CPU.ActiveCfg = Release|Any CPU
		{3C6B244F-0533-466B-9942-BC8F18BB7E12}.Release|Any CPU.Build.0 = Release|Any CPU
		{3C6B244F-0533-466B-9942-BC8F18BB7E12}.Release|ARM.ActiveCfg = Release|Any CPU
		{3C6B244F-0533-466B-9942-BC8F18BB7E12}.Release|ARM.Build.0 = Release|Any CPU
		{3C6B244F-0533-466B-9942-BC8F18BB7E12}.Release|ARM64.ActiveCfg = Release|Any CPU
		{3C6B244F-0533-466B-9942-BC8F18BB7E12}.Release|ARM64.Build.0 = Release|Any CPU
		{3C6B244F-0533-466B-9942-BC8F18BB7E12}.Release|x64.ActiveCfg = Release|Any CPU
		{3C6B244F-0533-466B-9942-BC8F18BB7E12}.Release|x64.Build.0 = Release|Any CPU
		{3C6B244F-0533-466B-9942-BC8F18BB7E12}.Release|x86.ActiveCfg = Release|Any CPU
		{3C6B244F-0533-466B-9942-BC8F18BB7E12}.Release|x86.Build.0 = Release|Any CPU
		{A005A996-E635-449C-AF7C-BE7B2531A9A5}.Debug|Any CPU.ActiveCfg = Debug|Any CPU
		{A005A996-E635-449C-AF7C-BE7B2531A9A5}.Debug|Any CPU.Build.0 = Debug|Any CPU
		{A005A996-E635-449C-AF7C-BE7B2531A9A5}.Debug|ARM.ActiveCfg = Debug|Any CPU
		{A005A996-E635-449C-AF7C-BE7B2531A9A5}.Debug|ARM.Build.0 = Debug|Any CPU
		{A005A996-E635-449C-AF7C-BE7B2531A9A5}.Debug|ARM64.ActiveCfg = Debug|Any CPU
		{A005A996-E635-449C-AF7C-BE7B2531A9A5}.Debug|ARM64.Build.0 = Debug|Any CPU
		{A005A996-E635-449C-AF7C-BE7B2531A9A5}.Debug|x64.ActiveCfg = Debug|Any CPU
		{A005A996-E635-449C-AF7C-BE7B2531A9A5}.Debug|x64.Build.0 = Debug|Any CPU
		{A005A996-E635-449C-AF7C-BE7B2531A9A5}.Debug|x86.ActiveCfg = Debug|Any CPU
		{A005A996-E635-449C-AF7C-BE7B2531A9A5}.Debug|x86.Build.0 = Debug|Any CPU
		{A005A996-E635-449C-AF7C-BE7B2531A9A5}.Release|Any CPU.ActiveCfg = Release|Any CPU
		{A005A996-E635-449C-AF7C-BE7B2531A9A5}.Release|Any CPU.Build.0 = Release|Any CPU
		{A005A996-E635-449C-AF7C-BE7B2531A9A5}.Release|ARM.ActiveCfg = Release|Any CPU
		{A005A996-E635-449C-AF7C-BE7B2531A9A5}.Release|ARM.Build.0 = Release|Any CPU
		{A005A996-E635-449C-AF7C-BE7B2531A9A5}.Release|ARM64.ActiveCfg = Release|Any CPU
		{A005A996-E635-449C-AF7C-BE7B2531A9A5}.Release|ARM64.Build.0 = Release|Any CPU
		{A005A996-E635-449C-AF7C-BE7B2531A9A5}.Release|x64.ActiveCfg = Release|Any CPU
		{A005A996-E635-449C-AF7C-BE7B2531A9A5}.Release|x64.Build.0 = Release|Any CPU
		{A005A996-E635-449C-AF7C-BE7B2531A9A5}.Release|x86.ActiveCfg = Release|Any CPU
		{A005A996-E635-449C-AF7C-BE7B2531A9A5}.Release|x86.Build.0 = Release|Any CPU
		{4BBA5D5D-F6A0-44EC-97E6-410566A2E472}.Debug|Any CPU.ActiveCfg = Debug|Any CPU
		{4BBA5D5D-F6A0-44EC-97E6-410566A2E472}.Debug|Any CPU.Build.0 = Debug|Any CPU
		{4BBA5D5D-F6A0-44EC-97E6-410566A2E472}.Debug|ARM.ActiveCfg = Debug|Any CPU
		{4BBA5D5D-F6A0-44EC-97E6-410566A2E472}.Debug|ARM.Build.0 = Debug|Any CPU
		{4BBA5D5D-F6A0-44EC-97E6-410566A2E472}.Debug|ARM64.ActiveCfg = Debug|Any CPU
		{4BBA5D5D-F6A0-44EC-97E6-410566A2E472}.Debug|ARM64.Build.0 = Debug|Any CPU
		{4BBA5D5D-F6A0-44EC-97E6-410566A2E472}.Debug|x64.ActiveCfg = Debug|Any CPU
		{4BBA5D5D-F6A0-44EC-97E6-410566A2E472}.Debug|x64.Build.0 = Debug|Any CPU
		{4BBA5D5D-F6A0-44EC-97E6-410566A2E472}.Debug|x86.ActiveCfg = Debug|Any CPU
		{4BBA5D5D-F6A0-44EC-97E6-410566A2E472}.Debug|x86.Build.0 = Debug|Any CPU
		{4BBA5D5D-F6A0-44EC-97E6-410566A2E472}.Release|Any CPU.ActiveCfg = Release|Any CPU
		{4BBA5D5D-F6A0-44EC-97E6-410566A2E472}.Release|Any CPU.Build.0 = Release|Any CPU
		{4BBA5D5D-F6A0-44EC-97E6-410566A2E472}.Release|ARM.ActiveCfg = Release|Any CPU
		{4BBA5D5D-F6A0-44EC-97E6-410566A2E472}.Release|ARM.Build.0 = Release|Any CPU
		{4BBA5D5D-F6A0-44EC-97E6-410566A2E472}.Release|ARM64.ActiveCfg = Release|Any CPU
		{4BBA5D5D-F6A0-44EC-97E6-410566A2E472}.Release|ARM64.Build.0 = Release|Any CPU
		{4BBA5D5D-F6A0-44EC-97E6-410566A2E472}.Release|x64.ActiveCfg = Release|Any CPU
		{4BBA5D5D-F6A0-44EC-97E6-410566A2E472}.Release|x64.Build.0 = Release|Any CPU
		{4BBA5D5D-F6A0-44EC-97E6-410566A2E472}.Release|x86.ActiveCfg = Release|Any CPU
		{4BBA5D5D-F6A0-44EC-97E6-410566A2E472}.Release|x86.Build.0 = Release|Any CPU
		{8E766C05-04DE-4F43-9429-AE587AB7C5EB}.Debug|Any CPU.ActiveCfg = Debug|Any CPU
		{8E766C05-04DE-4F43-9429-AE587AB7C5EB}.Debug|Any CPU.Build.0 = Debug|Any CPU
		{8E766C05-04DE-4F43-9429-AE587AB7C5EB}.Debug|ARM.ActiveCfg = Debug|Any CPU
		{8E766C05-04DE-4F43-9429-AE587AB7C5EB}.Debug|ARM.Build.0 = Debug|Any CPU
		{8E766C05-04DE-4F43-9429-AE587AB7C5EB}.Debug|ARM64.ActiveCfg = Debug|Any CPU
		{8E766C05-04DE-4F43-9429-AE587AB7C5EB}.Debug|ARM64.Build.0 = Debug|Any CPU
		{8E766C05-04DE-4F43-9429-AE587AB7C5EB}.Debug|x64.ActiveCfg = Debug|Any CPU
		{8E766C05-04DE-4F43-9429-AE587AB7C5EB}.Debug|x64.Build.0 = Debug|Any CPU
		{8E766C05-04DE-4F43-9429-AE587AB7C5EB}.Debug|x86.ActiveCfg = Debug|Any CPU
		{8E766C05-04DE-4F43-9429-AE587AB7C5EB}.Debug|x86.Build.0 = Debug|Any CPU
		{8E766C05-04DE-4F43-9429-AE587AB7C5EB}.Release|Any CPU.ActiveCfg = Release|Any CPU
		{8E766C05-04DE-4F43-9429-AE587AB7C5EB}.Release|Any CPU.Build.0 = Release|Any CPU
		{8E766C05-04DE-4F43-9429-AE587AB7C5EB}.Release|ARM.ActiveCfg = Release|Any CPU
		{8E766C05-04DE-4F43-9429-AE587AB7C5EB}.Release|ARM.Build.0 = Release|Any CPU
		{8E766C05-04DE-4F43-9429-AE587AB7C5EB}.Release|ARM64.ActiveCfg = Release|Any CPU
		{8E766C05-04DE-4F43-9429-AE587AB7C5EB}.Release|ARM64.Build.0 = Release|Any CPU
		{8E766C05-04DE-4F43-9429-AE587AB7C5EB}.Release|x64.ActiveCfg = Release|Any CPU
		{8E766C05-04DE-4F43-9429-AE587AB7C5EB}.Release|x64.Build.0 = Release|Any CPU
		{8E766C05-04DE-4F43-9429-AE587AB7C5EB}.Release|x86.ActiveCfg = Release|Any CPU
		{8E766C05-04DE-4F43-9429-AE587AB7C5EB}.Release|x86.Build.0 = Release|Any CPU
		{690A553D-EEBD-4846-9D56-089A9550A9FF}.Debug|Any CPU.ActiveCfg = Debug|Any CPU
		{690A553D-EEBD-4846-9D56-089A9550A9FF}.Debug|Any CPU.Build.0 = Debug|Any CPU
		{690A553D-EEBD-4846-9D56-089A9550A9FF}.Debug|ARM.ActiveCfg = Debug|Any CPU
		{690A553D-EEBD-4846-9D56-089A9550A9FF}.Debug|ARM.Build.0 = Debug|Any CPU
		{690A553D-EEBD-4846-9D56-089A9550A9FF}.Debug|ARM64.ActiveCfg = Debug|Any CPU
		{690A553D-EEBD-4846-9D56-089A9550A9FF}.Debug|ARM64.Build.0 = Debug|Any CPU
		{690A553D-EEBD-4846-9D56-089A9550A9FF}.Debug|x64.ActiveCfg = Debug|Any CPU
		{690A553D-EEBD-4846-9D56-089A9550A9FF}.Debug|x64.Build.0 = Debug|Any CPU
		{690A553D-EEBD-4846-9D56-089A9550A9FF}.Debug|x86.ActiveCfg = Debug|Any CPU
		{690A553D-EEBD-4846-9D56-089A9550A9FF}.Debug|x86.Build.0 = Debug|Any CPU
		{690A553D-EEBD-4846-9D56-089A9550A9FF}.Release|Any CPU.ActiveCfg = Release|Any CPU
		{690A553D-EEBD-4846-9D56-089A9550A9FF}.Release|Any CPU.Build.0 = Release|Any CPU
		{690A553D-EEBD-4846-9D56-089A9550A9FF}.Release|ARM.ActiveCfg = Release|Any CPU
		{690A553D-EEBD-4846-9D56-089A9550A9FF}.Release|ARM.Build.0 = Release|Any CPU
		{690A553D-EEBD-4846-9D56-089A9550A9FF}.Release|ARM64.ActiveCfg = Release|Any CPU
		{690A553D-EEBD-4846-9D56-089A9550A9FF}.Release|ARM64.Build.0 = Release|Any CPU
		{690A553D-EEBD-4846-9D56-089A9550A9FF}.Release|x64.ActiveCfg = Release|Any CPU
		{690A553D-EEBD-4846-9D56-089A9550A9FF}.Release|x64.Build.0 = Release|Any CPU
		{690A553D-EEBD-4846-9D56-089A9550A9FF}.Release|x86.ActiveCfg = Release|Any CPU
		{690A553D-EEBD-4846-9D56-089A9550A9FF}.Release|x86.Build.0 = Release|Any CPU
		{6245EABE-0DE0-481B-9721-1A7EA197BE62}.Debug|Any CPU.ActiveCfg = Debug|Any CPU
		{6245EABE-0DE0-481B-9721-1A7EA197BE62}.Debug|Any CPU.Build.0 = Debug|Any CPU
		{6245EABE-0DE0-481B-9721-1A7EA197BE62}.Debug|ARM.ActiveCfg = Debug|Any CPU
		{6245EABE-0DE0-481B-9721-1A7EA197BE62}.Debug|ARM.Build.0 = Debug|Any CPU
		{6245EABE-0DE0-481B-9721-1A7EA197BE62}.Debug|ARM64.ActiveCfg = Debug|Any CPU
		{6245EABE-0DE0-481B-9721-1A7EA197BE62}.Debug|ARM64.Build.0 = Debug|Any CPU
		{6245EABE-0DE0-481B-9721-1A7EA197BE62}.Debug|x64.ActiveCfg = Debug|Any CPU
		{6245EABE-0DE0-481B-9721-1A7EA197BE62}.Debug|x64.Build.0 = Debug|Any CPU
		{6245EABE-0DE0-481B-9721-1A7EA197BE62}.Debug|x86.ActiveCfg = Debug|Any CPU
		{6245EABE-0DE0-481B-9721-1A7EA197BE62}.Debug|x86.Build.0 = Debug|Any CPU
		{6245EABE-0DE0-481B-9721-1A7EA197BE62}.Release|Any CPU.ActiveCfg = Release|Any CPU
		{6245EABE-0DE0-481B-9721-1A7EA197BE62}.Release|Any CPU.Build.0 = Release|Any CPU
		{6245EABE-0DE0-481B-9721-1A7EA197BE62}.Release|ARM.ActiveCfg = Release|Any CPU
		{6245EABE-0DE0-481B-9721-1A7EA197BE62}.Release|ARM.Build.0 = Release|Any CPU
		{6245EABE-0DE0-481B-9721-1A7EA197BE62}.Release|ARM64.ActiveCfg = Release|Any CPU
		{6245EABE-0DE0-481B-9721-1A7EA197BE62}.Release|ARM64.Build.0 = Release|Any CPU
		{6245EABE-0DE0-481B-9721-1A7EA197BE62}.Release|x64.ActiveCfg = Release|Any CPU
		{6245EABE-0DE0-481B-9721-1A7EA197BE62}.Release|x64.Build.0 = Release|Any CPU
		{6245EABE-0DE0-481B-9721-1A7EA197BE62}.Release|x86.ActiveCfg = Release|Any CPU
		{6245EABE-0DE0-481B-9721-1A7EA197BE62}.Release|x86.Build.0 = Release|Any CPU
	EndGlobalSection
	GlobalSection(SolutionProperties) = preSolution
		HideSolutionNode = FALSE
	EndGlobalSection
	GlobalSection(ExtensibilityGlobals) = postSolution
		SolutionGuid = {5978C657-119E-43B2-8CE7-23E2050A0F56}
	EndGlobalSection
EndGlobal
